# THIS IS AN AUTOGENERATED FILE. DO NOT EDIT THIS FILE DIRECTLY.
# yarn lockfile v1


"@lukeed/csprng@^1.0.0":
  version "1.0.1"
  resolved "https://registry.yarnpkg.com/@lukeed/csprng/-/csprng-1.0.1.tgz#625e93a0edb2c830e3c52ce2d67b9d53377c6a66"
  integrity sha512-uSvJdwQU5nK+Vdf6zxcWAY2A8r7uqe+gePwLWzJ+fsQehq18pc0I2hJKwypZ2aLM90+Er9u1xn4iLJPZ+xlL4g==

"@lukeed/uuid@^2.0.0":
  version "2.0.0"
  resolved "https://registry.yarnpkg.com/@lukeed/uuid/-/uuid-2.0.0.tgz#1c0f33c071cb6902bc3b9e475782ada7314ef9bd"
  integrity sha512-dUz8OmYvlY5A9wXaroHIMSPASpSYRLCqbPvxGSyHguhtTQIy24lC+EGxQlwv71AhRCO55WOtgwhzQLpw27JaJQ==
  dependencies:
    "@lukeed/csprng" "^1.0.0"

"@types/js-cookie@^3.0.2":
  version "3.0.2"
  resolved "https://registry.yarnpkg.com/@types/js-cookie/-/js-cookie-3.0.2.tgz#451eaeece64c6bdac8b2dde0caab23b085899e0d"
  integrity sha512-6+0ekgfusHftJNYpihfkMu8BWdeHs9EOJuGcSofErjstGPfPGEu9yTu4t460lTzzAMl2cM5zngQJqPMHbbnvYA==

"@types/node@^18.6.1":
  version "18.6.1"
  resolved "https://registry.yarnpkg.com/@types/node/-/node-18.6.1.tgz#828e4785ccca13f44e2fb6852ae0ef11e3e20ba5"
  integrity sha512-z+2vB6yDt1fNwKOeGbckpmirO+VBDuQqecXkgeIqDlaOtmKn6hPR/viQ8cxCfqLU4fTlvM3+YjM367TukWdxpg==

"@types/spark-md5@^3.0.2":
  version "3.0.2"
  resolved "https://registry.yarnpkg.com/@types/spark-md5/-/spark-md5-3.0.2.tgz#da2e8a778a20335fc4f40b6471c4b0d86b70da55"
  integrity sha512-82E/lVRaqelV9qmRzzJ1PKTpyrpnT7mwdneKNJB9hUtypZDMggloDfFUCIqRRx3lYRxteCwXSq9c+W71Vf0QnQ==

js-cookie@^3.0.1:
  version "3.0.1"
  resolved "https://registry.yarnpkg.com/js-cookie/-/js-cookie-3.0.1.tgz#9e39b4c6c2f56563708d7d31f6f5f21873a92414"
  integrity sha512-+0rgsUXZu4ncpPxRL+lNEptWMOWl9etvPHc/koSRp6MPwpRYAhmk0dUG00J4bxVV3r9uUzfo24wW0knS07SKSw==

spark-md5@^3.0.2:
  version "3.0.2"
  resolved "https://registry.yarnpkg.com/spark-md5/-/spark-md5-3.0.2.tgz#7952c4a30784347abcee73268e473b9c0167e3fc"
  integrity sha512-wcFzz9cDfbuqe0FZzfi2or1sgyIrsDwmPwfZC4hiNidPdPINjeUwNfv5kldczoEAcjl9Y1L3SM7Uz2PUEQzxQw==
